
Microsoft Visual Studio Solution File, Format Version 12.00
# Visual Studio Version 16
VisualStudioVersion = 16.0.31729.503
MinimumVisualStudioVersion = 10.0.40219.1
Project("{FAE04EC0-301F-11D3-BF4B-00C04F79EFBC}") = "Lesson_8", "Lesson_8.csproj", "{143B57DF-BE91-4FA0-A47B-C7DDBA90D853}"
EndProject
Global
	GlobalSection(SolutionConfigurationPlatforms) = preSolution
		Debug|Any CPU = Debug|Any CPU
		Release|Any CPU = Release|Any CPU
	EndGlobalSection
	GlobalSection(ProjectConfigurationPlatforms) = postSolution
		{143B57DF-BE91-4FA0-A47B-C7DDBA90D853}.Debug|Any CPU.ActiveCfg = Debug|Any CPU
		{143B57DF-BE91-4FA0-A47B-C7DDBA90D853}.Debug|Any CPU.Build.0 = Debug|Any CPU
		{143B57DF-BE91-4FA0-A47B-C7DDBA90D853}.Release|Any CPU.ActiveCfg = Release|Any CPU
		{143B57DF-BE91-4FA0-A47B-C7DDBA90D853}.Release|Any CPU.Build.0 = Release|Any CPU
	EndGlobalSection
	GlobalSection(SolutionProperties) = preSolution
		HideSolutionNode = FALSE
	EndGlobalSection
	GlobalSection(ExtensibilityGlobals) = postSolution
		SolutionGuid = {8506DA3B-A67F-4273-9C6E-9B8304700B50}
	EndGlobalSection
EndGlobal
